// !$*UTF8*$!
{
	archiveVersion = 1;
	classes = {
	};
	objectVersion = 56;
	objects = {

/* Begin PBXBuildFile section */
		5031BCF52B499C560056E6F2 /* GFEmptyStateView.swift in Sources */ = {isa = PBXBuildFile; fileRef = 5031BCF42B499C560056E6F2 /* GFEmptyStateView.swift */; };
		505CD8AB2B4806AE003AE752 /* UIHelper.swift in Sources */ = {isa = PBXBuildFile; fileRef = 505CD8AA2B4806AE003AE752 /* UIHelper.swift */; };
		50715C7D2B444CC700851210 /* AppDelegate.swift in Sources */ = {isa = PBXBuildFile; fileRef = 50715C7C2B444CC700851210 /* AppDelegate.swift */; };
		50715C7F2B444CC700851210 /* SceneDelegate.swift in Sources */ = {isa = PBXBuildFile; fileRef = 50715C7E2B444CC700851210 /* SceneDelegate.swift */; };
		50715C862B444CC800851210 /* Assets.xcassets in Resources */ = {isa = PBXBuildFile; fileRef = 50715C852B444CC800851210 /* Assets.xcassets */; };
		50715C892B444CC800851210 /* LaunchScreen.storyboard in Resources */ = {isa = PBXBuildFile; fileRef = 50715C872B444CC800851210 /* LaunchScreen.storyboard */; };
		50715C912B44570500851210 /* SearchVC.swift in Sources */ = {isa = PBXBuildFile; fileRef = 50715C902B44570500851210 /* SearchVC.swift */; };
		50715C932B44576300851210 /* FavoritesListVC.swift in Sources */ = {isa = PBXBuildFile; fileRef = 50715C922B44576300851210 /* FavoritesListVC.swift */; };
		50715C952B44618C00851210 /* GFButton.swift in Sources */ = {isa = PBXBuildFile; fileRef = 50715C942B44618C00851210 /* GFButton.swift */; };
		50715C972B44650000851210 /* GFTextField.swift in Sources */ = {isa = PBXBuildFile; fileRef = 50715C962B44650000851210 /* GFTextField.swift */; };
		50715C992B4550C100851210 /* FollowerListVC.swift in Sources */ = {isa = PBXBuildFile; fileRef = 50715C982B4550C100851210 /* FollowerListVC.swift */; };
		50715C9D2B459D1F00851210 /* GFTitleLabel.swift in Sources */ = {isa = PBXBuildFile; fileRef = 50715C9C2B459D1F00851210 /* GFTitleLabel.swift */; };
		50715C9F2B459F2000851210 /* GFBodyLabel.swift in Sources */ = {isa = PBXBuildFile; fileRef = 50715C9E2B459F2000851210 /* GFBodyLabel.swift */; };
		50715CA12B459FEE00851210 /* GFAlertVC.swift in Sources */ = {isa = PBXBuildFile; fileRef = 50715CA02B459FEE00851210 /* GFAlertVC.swift */; };
		50715CA32B45A58E00851210 /* UIViewController+Ext.swift in Sources */ = {isa = PBXBuildFile; fileRef = 50715CA22B45A58E00851210 /* UIViewController+Ext.swift */; };
		50715CAA2B45B5B400851210 /* Follower.swift in Sources */ = {isa = PBXBuildFile; fileRef = 50715CA92B45B5B400851210 /* Follower.swift */; };
		50715CAC2B45B66800851210 /* User.swift in Sources */ = {isa = PBXBuildFile; fileRef = 50715CAB2B45B66800851210 /* User.swift */; };
		50715CAF2B469C6500851210 /* NetworkManager.swift in Sources */ = {isa = PBXBuildFile; fileRef = 50715CAE2B469C6500851210 /* NetworkManager.swift */; };
		50715CB22B46AA1E00851210 /* GFError.swift in Sources */ = {isa = PBXBuildFile; fileRef = 50715CB12B46AA1E00851210 /* GFError.swift */; };
		50715CB52B46E56A00851210 /* FollowerCell.swift in Sources */ = {isa = PBXBuildFile; fileRef = 50715CB42B46E56A00851210 /* FollowerCell.swift */; };
		50715CB72B46E5ED00851210 /* GFAvatarImageView.swift in Sources */ = {isa = PBXBuildFile; fileRef = 50715CB62B46E5ED00851210 /* GFAvatarImageView.swift */; };
		50905E382B4AB45C00F0546A /* UserInfoVC.swift in Sources */ = {isa = PBXBuildFile; fileRef = 50905E372B4AB45C00F0546A /* UserInfoVC.swift */; };
/* End PBXBuildFile section */

/* Begin PBXFileReference section */
		5031BCF42B499C560056E6F2 /* GFEmptyStateView.swift */ = {isa = PBXFileReference; lastKnownFileType = sourcecode.swift; path = GFEmptyStateView.swift; sourceTree = "<group>"; };
		505CD8AA2B4806AE003AE752 /* UIHelper.swift */ = {isa = PBXFileReference; lastKnownFileType = sourcecode.swift; path = UIHelper.swift; sourceTree = "<group>"; };
		50715C792B444CC700851210 /* GHFollowers.app */ = {isa = PBXFileReference; explicitFileType = wrapper.application; includeInIndex = 0; path = GHFollowers.app; sourceTree = BUILT_PRODUCTS_DIR; };
		50715C7C2B444CC700851210 /* AppDelegate.swift */ = {isa = PBXFileReference; lastKnownFileType = sourcecode.swift; path = AppDelegate.swift; sourceTree = "<group>"; };
		50715C7E2B444CC700851210 /* SceneDelegate.swift */ = {isa = PBXFileReference; lastKnownFileType = sourcecode.swift; path = SceneDelegate.swift; sourceTree = "<group>"; };
		50715C852B444CC800851210 /* Assets.xcassets */ = {isa = PBXFileReference; lastKnownFileType = folder.assetcatalog; path = Assets.xcassets; sourceTree = "<group>"; };
		50715C882B444CC800851210 /* Base */ = {isa = PBXFileReference; lastKnownFileType = file.storyboard; name = Base; path = Base.lproj/LaunchScreen.storyboard; sourceTree = "<group>"; };
		50715C8A2B444CC800851210 /* Info.plist */ = {isa = PBXFileReference; lastKnownFileType = text.plist.xml; path = Info.plist; sourceTree = "<group>"; };
		50715C902B44570500851210 /* SearchVC.swift */ = {isa = PBXFileReference; lastKnownFileType = sourcecode.swift; path = SearchVC.swift; sourceTree = "<group>"; };
		50715C922B44576300851210 /* FavoritesListVC.swift */ = {isa = PBXFileReference; lastKnownFileType = sourcecode.swift; path = FavoritesListVC.swift; sourceTree = "<group>"; };
		50715C942B44618C00851210 /* GFButton.swift */ = {isa = PBXFileReference; lastKnownFileType = sourcecode.swift; path = GFButton.swift; sourceTree = "<group>"; };
		50715C962B44650000851210 /* GFTextField.swift */ = {isa = PBXFileReference; lastKnownFileType = sourcecode.swift; path = GFTextField.swift; sourceTree = "<group>"; };
		50715C982B4550C100851210 /* FollowerListVC.swift */ = {isa = PBXFileReference; lastKnownFileType = sourcecode.swift; path = FollowerListVC.swift; sourceTree = "<group>"; };
		50715C9C2B459D1F00851210 /* GFTitleLabel.swift */ = {isa = PBXFileReference; lastKnownFileType = sourcecode.swift; path = GFTitleLabel.swift; sourceTree = "<group>"; };
		50715C9E2B459F2000851210 /* GFBodyLabel.swift */ = {isa = PBXFileReference; lastKnownFileType = sourcecode.swift; path = GFBodyLabel.swift; sourceTree = "<group>"; };
		50715CA02B459FEE00851210 /* GFAlertVC.swift */ = {isa = PBXFileReference; lastKnownFileType = sourcecode.swift; path = GFAlertVC.swift; sourceTree = "<group>"; };
		50715CA22B45A58E00851210 /* UIViewController+Ext.swift */ = {isa = PBXFileReference; lastKnownFileType = sourcecode.swift; path = "UIViewController+Ext.swift"; sourceTree = "<group>"; };
		50715CA92B45B5B400851210 /* Follower.swift */ = {isa = PBXFileReference; lastKnownFileType = sourcecode.swift; path = Follower.swift; sourceTree = "<group>"; };
		50715CAB2B45B66800851210 /* User.swift */ = {isa = PBXFileReference; lastKnownFileType = sourcecode.swift; path = User.swift; sourceTree = "<group>"; };
		50715CAE2B469C6500851210 /* NetworkManager.swift */ = {isa = PBXFileReference; lastKnownFileType = sourcecode.swift; path = NetworkManager.swift; sourceTree = "<group>"; };
		50715CB12B46AA1E00851210 /* GFError.swift */ = {isa = PBXFileReference; lastKnownFileType = sourcecode.swift; path = GFError.swift; sourceTree = "<group>"; };
		50715CB42B46E56A00851210 /* FollowerCell.swift */ = {isa = PBXFileReference; lastKnownFileType = sourcecode.swift; path = FollowerCell.swift; sourceTree = "<group>"; };
		50715CB62B46E5ED00851210 /* GFAvatarImageView.swift */ = {isa = PBXFileReference; lastKnownFileType = sourcecode.swift; path = GFAvatarImageView.swift; sourceTree = "<group>"; };
		50905E372B4AB45C00F0546A /* UserInfoVC.swift */ = {isa = PBXFileReference; lastKnownFileType = sourcecode.swift; path = UserInfoVC.swift; sourceTree = "<group>"; };
/* End PBXFileReference section */

/* Begin PBXFrameworksBuildPhase section */
		50715C762B444CC700851210 /* Frameworks */ = {
			isa = PBXFrameworksBuildPhase;
			buildActionMask = 2147483647;
			files = (
			);
			runOnlyForDeploymentPostprocessing = 0;
		};
/* End PBXFrameworksBuildPhase section */

/* Begin PBXGroup section */
		5031BCEE2B499BAD0056E6F2 /* Views */ = {
			isa = PBXGroup;
			children = (
				5031BCF42B499C560056E6F2 /* GFEmptyStateView.swift */,
			);
			path = Views;
			sourceTree = "<group>";
		};
		5031BCEF2B499BB60056E6F2 /* Buttons */ = {
			isa = PBXGroup;
			children = (
				50715C942B44618C00851210 /* GFButton.swift */,
			);
			path = Buttons;
			sourceTree = "<group>";
		};
		5031BCF02B499BBD0056E6F2 /* TextFields */ = {
			isa = PBXGroup;
			children = (
				50715C962B44650000851210 /* GFTextField.swift */,
			);
			path = TextFields;
			sourceTree = "<group>";
		};
		5031BCF12B499BC90056E6F2 /* ImageViews */ = {
			isa = PBXGroup;
			children = (
				50715CB62B46E5ED00851210 /* GFAvatarImageView.swift */,
			);
			path = ImageViews;
			sourceTree = "<group>";
		};
		5031BCF22B499BEB0056E6F2 /* ViewControllers */ = {
			isa = PBXGroup;
			children = (
				50715CA02B459FEE00851210 /* GFAlertVC.swift */,
			);
			path = ViewControllers;
			sourceTree = "<group>";
		};
		5031BCF32B499BF70056E6F2 /* Labels */ = {
			isa = PBXGroup;
			children = (
				50715C9C2B459D1F00851210 /* GFTitleLabel.swift */,
				50715C9E2B459F2000851210 /* GFBodyLabel.swift */,
			);
			path = Labels;
			sourceTree = "<group>";
		};
		50715C702B444CC700851210 = {
			isa = PBXGroup;
			children = (
				50715C7B2B444CC700851210 /* GHFollowers */,
				50715C7A2B444CC700851210 /* Products */,
			);
			sourceTree = "<group>";
		};
		50715C7A2B444CC700851210 /* Products */ = {
			isa = PBXGroup;
			children = (
				50715C792B444CC700851210 /* GHFollowers.app */,
			);
			name = Products;
			sourceTree = "<group>";
		};
		50715C7B2B444CC700851210 /* GHFollowers */ = {
			isa = PBXGroup;
			children = (
				50715CA52B45A9CA00851210 /* CustomViews */,
				50715CA62B45A9F700851210 /* Extensions */,
				50715CAD2B469C5100851210 /* Managers */,
				50715CA82B45B55D00851210 /* Model */,
				50715CA42B45A94F00851210 /* Screens */,
				50715CA72B45AA5300851210 /* Support */,
				50715CB02B46AA0B00851210 /* Utilities */,
				50715C8A2B444CC800851210 /* Info.plist */,
			);
			path = GHFollowers;
			sourceTree = "<group>";
		};
		50715CA42B45A94F00851210 /* Screens */ = {
			isa = PBXGroup;
			children = (
				50715C922B44576300851210 /* FavoritesListVC.swift */,
				50715C982B4550C100851210 /* FollowerListVC.swift */,
				50715C902B44570500851210 /* SearchVC.swift */,
				50905E372B4AB45C00F0546A /* UserInfoVC.swift */,
			);
			path = Screens;
			sourceTree = "<group>";
		};
		50715CA52B45A9CA00851210 /* CustomViews */ = {
			isa = PBXGroup;
			children = (
				5031BCEF2B499BB60056E6F2 /* Buttons */,
				50715CB32B46E52C00851210 /* Cells */,
				5031BCF12B499BC90056E6F2 /* ImageViews */,
				5031BCF32B499BF70056E6F2 /* Labels */,
				5031BCF02B499BBD0056E6F2 /* TextFields */,
				5031BCEE2B499BAD0056E6F2 /* Views */,
				5031BCF22B499BEB0056E6F2 /* ViewControllers */,
			);
			path = CustomViews;
			sourceTree = "<group>";
		};
		50715CA62B45A9F700851210 /* Extensions */ = {
			isa = PBXGroup;
			children = (
				50715CA22B45A58E00851210 /* UIViewController+Ext.swift */,
			);
			path = Extensions;
			sourceTree = "<group>";
		};
		50715CA72B45AA5300851210 /* Support */ = {
			isa = PBXGroup;
			children = (
				50715C7C2B444CC700851210 /* AppDelegate.swift */,
				50715C7E2B444CC700851210 /* SceneDelegate.swift */,
				50715C852B444CC800851210 /* Assets.xcassets */,
				50715C872B444CC800851210 /* LaunchScreen.storyboard */,
			);
			path = Support;
			sourceTree = "<group>";
		};
		50715CA82B45B55D00851210 /* Model */ = {
			isa = PBXGroup;
			children = (
				50715CA92B45B5B400851210 /* Follower.swift */,
				50715CAB2B45B66800851210 /* User.swift */,
			);
			path = Model;
			sourceTree = "<group>";
		};
		50715CAD2B469C5100851210 /* Managers */ = {
			isa = PBXGroup;
			children = (
				50715CAE2B469C6500851210 /* NetworkManager.swift */,
			);
			path = Managers;
			sourceTree = "<group>";
		};
		50715CB02B46AA0B00851210 /* Utilities */ = {
			isa = PBXGroup;
			children = (
				50715CB12B46AA1E00851210 /* GFError.swift */,
				505CD8AA2B4806AE003AE752 /* UIHelper.swift */,
			);
			path = Utilities;
			sourceTree = "<group>";
		};
		50715CB32B46E52C00851210 /* Cells */ = {
			isa = PBXGroup;
			children = (
				50715CB42B46E56A00851210 /* FollowerCell.swift */,
			);
			path = Cells;
			sourceTree = "<group>";
		};
/* End PBXGroup section */

/* Begin PBXNativeTarget section */
		50715C782B444CC700851210 /* GHFollowers */ = {
			isa = PBXNativeTarget;
			buildConfigurationList = 50715C8D2B444CC800851210 /* Build configuration list for PBXNativeTarget "GHFollowers" */;
			buildPhases = (
				50715C752B444CC700851210 /* Sources */,
				50715C762B444CC700851210 /* Frameworks */,
				50715C772B444CC700851210 /* Resources */,
			);
			buildRules = (
			);
			dependencies = (
			);
			name = GHFollowers;
			productName = GHFollowers;
			productReference = 50715C792B444CC700851210 /* GHFollowers.app */;
			productType = "com.apple.product-type.application";
		};
/* End PBXNativeTarget section */

/* Begin PBXProject section */
		50715C712B444CC700851210 /* Project object */ = {
			isa = PBXProject;
			attributes = {
				BuildIndependentTargetsInParallel = 1;
				LastSwiftUpdateCheck = 1500;
				LastUpgradeCheck = 1500;
				TargetAttributes = {
					50715C782B444CC700851210 = {
						CreatedOnToolsVersion = 15.0;
					};
				};
			};
			buildConfigurationList = 50715C742B444CC700851210 /* Build configuration list for PBXProject "GHFollowers" */;
			compatibilityVersion = "Xcode 14.0";
			developmentRegion = en;
			hasScannedForEncodings = 0;
			knownRegions = (
				en,
				Base,
			);
			mainGroup = 50715C702B444CC700851210;
			productRefGroup = 50715C7A2B444CC700851210 /* Products */;
			projectDirPath = "";
			projectRoot = "";
			targets = (
				50715C782B444CC700851210 /* GHFollowers */,
			);
		};
/* End PBXProject section */

/* Begin PBXResourcesBuildPhase section */
		50715C772B444CC700851210 /* Resources */ = {
			isa = PBXResourcesBuildPhase;
			buildActionMask = 2147483647;
			files = (
				50715C892B444CC800851210 /* LaunchScreen.storyboard in Resources */,
				50715C862B444CC800851210 /* Assets.xcassets in Resources */,
			);
			runOnlyForDeploymentPostprocessing = 0;
		};
/* End PBXResourcesBuildPhase section */

/* Begin PBXSourcesBuildPhase section */
		50715C752B444CC700851210 /* Sources */ = {
			isa = PBXSourcesBuildPhase;
			buildActionMask = 2147483647;
			files = (
				50715CAC2B45B66800851210 /* User.swift in Sources */,
				50715C972B44650000851210 /* GFTextField.swift in Sources */,
				50715C932B44576300851210 /* FavoritesListVC.swift in Sources */,
				50715C952B44618C00851210 /* GFButton.swift in Sources */,
				50715CA32B45A58E00851210 /* UIViewController+Ext.swift in Sources */,
				505CD8AB2B4806AE003AE752 /* UIHelper.swift in Sources */,
				50715CB72B46E5ED00851210 /* GFAvatarImageView.swift in Sources */,
				50715C912B44570500851210 /* SearchVC.swift in Sources */,
				50715CA12B459FEE00851210 /* GFAlertVC.swift in Sources */,
				50715CB52B46E56A00851210 /* FollowerCell.swift in Sources */,
				50715CB22B46AA1E00851210 /* GFError.swift in Sources */,
				50715C9F2B459F2000851210 /* GFBodyLabel.swift in Sources */,
				50715CAA2B45B5B400851210 /* Follower.swift in Sources */,
				50715C9D2B459D1F00851210 /* GFTitleLabel.swift in Sources */,
				50715CAF2B469C6500851210 /* NetworkManager.swift in Sources */,
				50715C992B4550C100851210 /* FollowerListVC.swift in Sources */,
				50715C7D2B444CC700851210 /* AppDelegate.swift in Sources */,
				5031BCF52B499C560056E6F2 /* GFEmptyStateView.swift in Sources */,
				50715C7F2B444CC700851210 /* SceneDelegate.swift in Sources */,
				50905E382B4AB45C00F0546A /* UserInfoVC.swift in Sources */,
			);
			runOnlyForDeploymentPostprocessing = 0;
		};
/* End PBXSourcesBuildPhase section */

/* Begin PBXVariantGroup section */
		50715C872B444CC800851210 /* LaunchScreen.storyboard */ = {
			isa = PBXVariantGroup;
			children = (
				50715C882B444CC800851210 /* Base */,
			);
			name = LaunchScreen.storyboard;
			sourceTree = "<group>";
		};
/* End PBXVariantGroup section */

/* Begin XCBuildConfiguration section */
		50715C8B2B444CC800851210 /* Debug */ = {
			isa = XCBuildConfiguration;
			buildSettings = {
				ALWAYS_SEARCH_USER_PATHS = NO;
				ASSETCATALOG_COMPILER_GENERATE_SWIFT_ASSET_SYMBOL_EXTENSIONS = YES;
				CLANG_ANALYZER_NONNULL = YES;
				CLANG_ANALYZER_NUMBER_OBJECT_CONVERSION = YES_AGGRESSIVE;
				CLANG_CXX_LANGUAGE_STANDARD = "gnu++20";
				CLANG_ENABLE_MODULES = YES;
				CLANG_ENABLE_OBJC_ARC = YES;
				CLANG_ENABLE_OBJC_WEAK = YES;
				CLANG_WARN_BLOCK_CAPTURE_AUTORELEASING = YES;
				CLANG_WARN_BOOL_CONVERSION = YES;
				CLANG_WARN_COMMA = YES;
				CLANG_WARN_CONSTANT_CONVERSION = YES;
				CLANG_WARN_DEPRECATED_OBJC_IMPLEMENTATIONS = YES;
				CLANG_WARN_DIRECT_OBJC_ISA_USAGE = YES_ERROR;
				CLANG_WARN_DOCUMENTATION_COMMENTS = YES;
				CLANG_WARN_EMPTY_BODY = YES;
				CLANG_WARN_ENUM_CONVERSION = YES;
				CLANG_WARN_INFINITE_RECURSION = YES;
				CLANG_WARN_INT_CONVERSION = YES;
				CLANG_WARN_NON_LITERAL_NULL_CONVERSION = YES;
				CLANG_WARN_OBJC_IMPLICIT_RETAIN_SELF = YES;
				CLANG_WARN_OBJC_LITERAL_CONVERSION = YES;
				CLANG_WARN_OBJC_ROOT_CLASS = YES_ERROR;
				CLANG_WARN_QUOTED_INCLUDE_IN_FRAMEWORK_HEADER = YES;
				CLANG_WARN_RANGE_LOOP_ANALYSIS = YES;
				CLANG_WARN_STRICT_PROTOTYPES = YES;
				CLANG_WARN_SUSPICIOUS_MOVE = YES;
				CLANG_WARN_UNGUARDED_AVAILABILITY = YES_AGGRESSIVE;
				CLANG_WARN_UNREACHABLE_CODE = YES;
				CLANG_WARN__DUPLICATE_METHOD_MATCH = YES;
				COPY_PHASE_STRIP = NO;
				DEBUG_INFORMATION_FORMAT = dwarf;
				ENABLE_STRICT_OBJC_MSGSEND = YES;
				ENABLE_TESTABILITY = YES;
				ENABLE_USER_SCRIPT_SANDBOXING = YES;
				GCC_C_LANGUAGE_STANDARD = gnu17;
				GCC_DYNAMIC_NO_PIC = NO;
				GCC_NO_COMMON_BLOCKS = YES;
				GCC_OPTIMIZATION_LEVEL = 0;
				GCC_PREPROCESSOR_DEFINITIONS = (
					"DEBUG=1",
					"$(inherited)",
				);
				GCC_WARN_64_TO_32_BIT_CONVERSION = YES;
				GCC_WARN_ABOUT_RETURN_TYPE = YES_ERROR;
				GCC_WARN_UNDECLARED_SELECTOR = YES;
				GCC_WARN_UNINITIALIZED_AUTOS = YES_AGGRESSIVE;
				GCC_WARN_UNUSED_FUNCTION = YES;
				GCC_WARN_UNUSED_VARIABLE = YES;
				IPHONEOS_DEPLOYMENT_TARGET = 17.0;
				LOCALIZATION_PREFERS_STRING_CATALOGS = YES;
				MTL_ENABLE_DEBUG_INFO = INCLUDE_SOURCE;
				MTL_FAST_MATH = YES;
				ONLY_ACTIVE_ARCH = YES;
				SDKROOT = iphoneos;
				SWIFT_ACTIVE_COMPILATION_CONDITIONS = "DEBUG $(inherited)";
				SWIFT_OPTIMIZATION_LEVEL = "-Onone";
			};
			name = Debug;
		};
		50715C8C2B444CC800851210 /* Release */ = {
			isa = XCBuildConfiguration;
			buildSettings = {
				ALWAYS_SEARCH_USER_PATHS = NO;
				ASSETCATALOG_COMPILER_GENERATE_SWIFT_ASSET_SYMBOL_EXTENSIONS = YES;
				CLANG_ANALYZER_NONNULL = YES;
				CLANG_ANALYZER_NUMBER_OBJECT_CONVERSION = YES_AGGRESSIVE;
				CLANG_CXX_LANGUAGE_STANDARD = "gnu++20";
				CLANG_ENABLE_MODULES = YES;
				CLANG_ENABLE_OBJC_ARC = YES;
				CLANG_ENABLE_OBJC_WEAK = YES;
				CLANG_WARN_BLOCK_CAPTURE_AUTORELEASING = YES;
				CLANG_WARN_BOOL_CONVERSION = YES;
				CLANG_WARN_COMMA = YES;
				CLANG_WARN_CONSTANT_CONVERSION = YES;
				CLANG_WARN_DEPRECATED_OBJC_IMPLEMENTATIONS = YES;
				CLANG_WARN_DIRECT_OBJC_ISA_USAGE = YES_ERROR;
				CLANG_WARN_DOCUMENTATION_COMMENTS = YES;
				CLANG_WARN_EMPTY_BODY = YES;
				CLANG_WARN_ENUM_CONVERSION = YES;
				CLANG_WARN_INFINITE_RECURSION = YES;
				CLANG_WARN_INT_CONVERSION = YES;
				CLANG_WARN_NON_LITERAL_NULL_CONVERSION = YES;
				CLANG_WARN_OBJC_IMPLICIT_RETAIN_SELF = YES;
				CLANG_WARN_OBJC_LITERAL_CONVERSION = YES;
				CLANG_WARN_OBJC_ROOT_CLASS = YES_ERROR;
				CLANG_WARN_QUOTED_INCLUDE_IN_FRAMEWORK_HEADER = YES;
				CLANG_WARN_RANGE_LOOP_ANALYSIS = YES;
				CLANG_WARN_STRICT_PROTOTYPES = YES;
				CLANG_WARN_SUSPICIOUS_MOVE = YES;
				CLANG_WARN_UNGUARDED_AVAILABILITY = YES_AGGRESSIVE;
				CLANG_WARN_UNREACHABLE_CODE = YES;
				CLANG_WARN__DUPLICATE_METHOD_MATCH = YES;
				COPY_PHASE_STRIP = NO;
				DEBUG_INFORMATION_FORMAT = "dwarf-with-dsym";
				ENABLE_NS_ASSERTIONS = NO;
				ENABLE_STRICT_OBJC_MSGSEND = YES;
				ENABLE_USER_SCRIPT_SANDBOXING = YES;
				GCC_C_LANGUAGE_STANDARD = gnu17;
				GCC_NO_COMMON_BLOCKS = YES;
				GCC_WARN_64_TO_32_BIT_CONVERSION = YES;
				GCC_WARN_ABOUT_RETURN_TYPE = YES_ERROR;
				GCC_WARN_UNDECLARED_SELECTOR = YES;
				GCC_WARN_UNINITIALIZED_AUTOS = YES_AGGRESSIVE;
				GCC_WARN_UNUSED_FUNCTION = YES;
				GCC_WARN_UNUSED_VARIABLE = YES;
				IPHONEOS_DEPLOYMENT_TARGET = 17.0;
				LOCALIZATION_PREFERS_STRING_CATALOGS = YES;
				MTL_ENABLE_DEBUG_INFO = NO;
				MTL_FAST_MATH = YES;
				SDKROOT = iphoneos;
				SWIFT_COMPILATION_MODE = wholemodule;
				VALIDATE_PRODUCT = YES;
			};
			name = Release;
		};
		50715C8E2B444CC800851210 /* Debug */ = {
			isa = XCBuildConfiguration;
			buildSettings = {
				ASSETCATALOG_COMPILER_APPICON_NAME = AppIcon;
				ASSETCATALOG_COMPILER_GLOBAL_ACCENT_COLOR_NAME = AccentColor;
				CODE_SIGN_STYLE = Automatic;
				CURRENT_PROJECT_VERSION = 1;
				DEVELOPMENT_TEAM = Z54V9TY454;
				GENERATE_INFOPLIST_FILE = YES;
				INFOPLIST_FILE = GHFollowers/Info.plist;
				INFOPLIST_KEY_UIApplicationSupportsIndirectInputEvents = YES;
				INFOPLIST_KEY_UILaunchStoryboardName = LaunchScreen;
				INFOPLIST_KEY_UISupportedInterfaceOrientations = UIInterfaceOrientationPortrait;
				INFOPLIST_KEY_UISupportedInterfaceOrientations_iPad = "UIInterfaceOrientationLandscapeLeft UIInterfaceOrientationLandscapeRight UIInterfaceOrientationPortrait UIInterfaceOrientationPortraitUpsideDown";
				LD_RUNPATH_SEARCH_PATHS = (
					"$(inherited)",
					"@executable_path/Frameworks",
				);
				MARKETING_VERSION = 1.0;
				PRODUCT_BUNDLE_IDENTIFIER = com.noalino.GHFollowers;
				PRODUCT_NAME = "$(TARGET_NAME)";
				SUPPORTED_PLATFORMS = "iphoneos iphonesimulator";
				SUPPORTS_MACCATALYST = NO;
				SUPPORTS_MAC_DESIGNED_FOR_IPHONE_IPAD = NO;
				SWIFT_EMIT_LOC_STRINGS = YES;
				SWIFT_VERSION = 5.0;
				TARGETED_DEVICE_FAMILY = 1;
			};
			name = Debug;
		};
		50715C8F2B444CC800851210 /* Release */ = {
			isa = XCBuildConfiguration;
			buildSettings = {
				ASSETCATALOG_COMPILER_APPICON_NAME = AppIcon;
				ASSETCATALOG_COMPILER_GLOBAL_ACCENT_COLOR_NAME = AccentColor;
				CODE_SIGN_STYLE = Automatic;
				CURRENT_PROJECT_VERSION = 1;
				DEVELOPMENT_TEAM = Z54V9TY454;
				GENERATE_INFOPLIST_FILE = YES;
				INFOPLIST_FILE = GHFollowers/Info.plist;
				INFOPLIST_KEY_UIApplicationSupportsIndirectInputEvents = YES;
				INFOPLIST_KEY_UILaunchStoryboardName = LaunchScreen;
				INFOPLIST_KEY_UISupportedInterfaceOrientations = UIInterfaceOrientationPortrait;
				INFOPLIST_KEY_UISupportedInterfaceOrientations_iPad = "UIInterfaceOrientationLandscapeLeft UIInterfaceOrientationLandscapeRight UIInterfaceOrientationPortrait UIInterfaceOrientationPortraitUpsideDown";
				LD_RUNPATH_SEARCH_PATHS = (
					"$(inherited)",
					"@executable_path/Frameworks",
				);
				MARKETING_VERSION = 1.0;
				PRODUCT_BUNDLE_IDENTIFIER = com.noalino.GHFollowers;
				PRODUCT_NAME = "$(TARGET_NAME)";
				SUPPORTED_PLATFORMS = "iphoneos iphonesimulator";
				SUPPORTS_MACCATALYST = NO;
				SUPPORTS_MAC_DESIGNED_FOR_IPHONE_IPAD = NO;
				SWIFT_EMIT_LOC_STRINGS = YES;
				SWIFT_VERSION = 5.0;
				TARGETED_DEVICE_FAMILY = 1;
			};
			name = Release;
		};
/* End XCBuildConfiguration section */

/* Begin XCConfigurationList section */
		50715C742B444CC700851210 /* Build configuration list for PBXProject "GHFollowers" */ = {
			isa = XCConfigurationList;
			buildConfigurations = (
				50715C8B2B444CC800851210 /* Debug */,
				50715C8C2B444CC800851210 /* Release */,
			);
			defaultConfigurationIsVisible = 0;
			defaultConfigurationName = Release;
		};
		50715C8D2B444CC800851210 /* Build configuration list for PBXNativeTarget "GHFollowers" */ = {
			isa = XCConfigurationList;
			buildConfigurations = (
				50715C8E2B444CC800851210 /* Debug */,
				50715C8F2B444CC800851210 /* Release */,
			);
			defaultConfigurationIsVisible = 0;
			defaultConfigurationName = Release;
		};
/* End XCConfigurationList section */
	};
	rootObject = 50715C712B444CC700851210 /* Project object */;
}
